// !$*UTF8*$!
{
	archiveVersion = 1;
	classes = {
	};
	objectVersion = 56;
	objects = {

/* Begin PBXBuildFile section */
		A97DB2122C772B380054233A /* CryptoTrackerApp.swift in Sources */ = {isa = PBXBuildFile; fileRef = A97DB2112C772B380054233A /* CryptoTrackerApp.swift */; };
		A97DB2162C772B390054233A /* Assets.xcassets in Resources */ = {isa = PBXBuildFile; fileRef = A97DB2152C772B390054233A /* Assets.xcassets */; };
		A97DB2192C772B390054233A /* Preview Assets.xcassets in Resources */ = {isa = PBXBuildFile; fileRef = A97DB2182C772B390054233A /* Preview Assets.xcassets */; };
		A97DB2202C772BE00054233A /* APICredentials.swift in Sources */ = {isa = PBXBuildFile; fileRef = A97DB21F2C772BE00054233A /* APICredentials.swift */; };
		A98275802C7747B10003ABE0 /* Coin.swift in Sources */ = {isa = PBXBuildFile; fileRef = A982757F2C7747B10003ABE0 /* Coin.swift */; };
		A98275822C7748410003ABE0 /* CoinRowView.swift in Sources */ = {isa = PBXBuildFile; fileRef = A98275812C7748410003ABE0 /* CoinRowView.swift */; };
		A98275852C774A330003ABE0 /* PreviewsMockData.swift in Sources */ = {isa = PBXBuildFile; fileRef = A98275842C774A330003ABE0 /* PreviewsMockData.swift */; };
		A98275872C774C9F0003ABE0 /* Extension+Double.swift in Sources */ = {isa = PBXBuildFile; fileRef = A98275862C774C9F0003ABE0 /* Extension+Double.swift */; };
		A98275892C7753B10003ABE0 /* Extension+NumberFormatter.swift in Sources */ = {isa = PBXBuildFile; fileRef = A98275882C7753B10003ABE0 /* Extension+NumberFormatter.swift */; };
		A982758D2C775B650003ABE0 /* CoinsListView.swift in Sources */ = {isa = PBXBuildFile; fileRef = A982758C2C775B650003ABE0 /* CoinsListView.swift */; };
		A98275912C775BBA0003ABE0 /* MarketView.swift in Sources */ = {isa = PBXBuildFile; fileRef = A98275902C775BBA0003ABE0 /* MarketView.swift */; };
		A98275932C775BD00003ABE0 /* CoinsListViewModel.swift in Sources */ = {isa = PBXBuildFile; fileRef = A98275922C775BD00003ABE0 /* CoinsListViewModel.swift */; };
		A98275952C775BF80003ABE0 /* NetworkManager.swift in Sources */ = {isa = PBXBuildFile; fileRef = A98275942C775BF80003ABE0 /* NetworkManager.swift */; };
		A98275982C77937A0003ABE0 /* SortOptionButtonView.swift in Sources */ = {isa = PBXBuildFile; fileRef = A98275972C77937A0003ABE0 /* SortOptionButtonView.swift */; };
		A982759A2C779A270003ABE0 /* SortBarView.swift in Sources */ = {isa = PBXBuildFile; fileRef = A98275992C779A270003ABE0 /* SortBarView.swift */; };
		A982759C2C779E830003ABE0 /* CoinLogoImageView.swift in Sources */ = {isa = PBXBuildFile; fileRef = A982759B2C779E820003ABE0 /* CoinLogoImageView.swift */; };
		A982759E2C77A8AF0003ABE0 /* CoinsAmountFilterBarView.swift in Sources */ = {isa = PBXBuildFile; fileRef = A982759D2C77A8AF0003ABE0 /* CoinsAmountFilterBarView.swift */; };
		A98275A12C77AA440003ABE0 /* CoinsAmountButtonView.swift in Sources */ = {isa = PBXBuildFile; fileRef = A98275A02C77AA440003ABE0 /* CoinsAmountButtonView.swift */; };
		A98275A32C78B1AA0003ABE0 /* Market.swift in Sources */ = {isa = PBXBuildFile; fileRef = A98275A22C78B1AA0003ABE0 /* Market.swift */; };
		A98275A52C78B7500003ABE0 /* NetworkError.swift in Sources */ = {isa = PBXBuildFile; fileRef = A98275A42C78B7500003ABE0 /* NetworkError.swift */; };
		A98275A92C78C1000003ABE0 /* MarketDataPanelView.swift in Sources */ = {isa = PBXBuildFile; fileRef = A98275A82C78C1000003ABE0 /* MarketDataPanelView.swift */; };
		A98275AB2C78C18A0003ABE0 /* MarketDataICellHeaderView.swift in Sources */ = {isa = PBXBuildFile; fileRef = A98275AA2C78C18A0003ABE0 /* MarketDataICellHeaderView.swift */; };
		A98275AD2C78C2520003ABE0 /* PercentageView.swift in Sources */ = {isa = PBXBuildFile; fileRef = A98275AC2C78C2520003ABE0 /* PercentageView.swift */; };
		A98275B02C78EC9B0003ABE0 /* CoinDetail.swift in Sources */ = {isa = PBXBuildFile; fileRef = A98275AF2C78EC9B0003ABE0 /* CoinDetail.swift */; };
		A98275B22C78F3640003ABE0 /* CoinDetailViewModel.swift in Sources */ = {isa = PBXBuildFile; fileRef = A98275B12C78F3640003ABE0 /* CoinDetailViewModel.swift */; };
		A98275B42C78F59B0003ABE0 /* CoinDetailView.swift in Sources */ = {isa = PBXBuildFile; fileRef = A98275B32C78F59B0003ABE0 /* CoinDetailView.swift */; };
		A98275B72C78FAFA0003ABE0 /* LineChartView.swift in Sources */ = {isa = PBXBuildFile; fileRef = A98275B62C78FAFA0003ABE0 /* LineChartView.swift */; };
		A98275B92C79D4000003ABE0 /* LoadingView.swift in Sources */ = {isa = PBXBuildFile; fileRef = A98275B82C79D4000003ABE0 /* LoadingView.swift */; };
		A98275BB2C79DDDB0003ABE0 /* Extension+String.swift in Sources */ = {isa = PBXBuildFile; fileRef = A98275BA2C79DDDB0003ABE0 /* Extension+String.swift */; };
		A98275BD2C79E88F0003ABE0 /* CoinPropertyView.swift in Sources */ = {isa = PBXBuildFile; fileRef = A98275BC2C79E88F0003ABE0 /* CoinPropertyView.swift */; };
		A98275BF2C79EBE10003ABE0 /* CoinPropertiesBarView.swift in Sources */ = {isa = PBXBuildFile; fileRef = A98275BE2C79EBE10003ABE0 /* CoinPropertiesBarView.swift */; };
		A98275C12C79F0820003ABE0 /* CoinChangePercentageView.swift in Sources */ = {isa = PBXBuildFile; fileRef = A98275C02C79F0820003ABE0 /* CoinChangePercentageView.swift */; };
		A98275C32C79F2F60003ABE0 /* CoinDescriptionView.swift in Sources */ = {isa = PBXBuildFile; fileRef = A98275C22C79F2F60003ABE0 /* CoinDescriptionView.swift */; };
		A98275C52C79F6230003ABE0 /* CoinDetailTitleView.swift in Sources */ = {isa = PBXBuildFile; fileRef = A98275C42C79F6230003ABE0 /* CoinDetailTitleView.swift */; };
		A98275C72C79F82A0003ABE0 /* DismissButtonView.swift in Sources */ = {isa = PBXBuildFile; fileRef = A98275C62C79F82A0003ABE0 /* DismissButtonView.swift */; };
		A9BA21EE2C80AEBA00DB8729 /* ButtonWithSheetView.swift in Sources */ = {isa = PBXBuildFile; fileRef = A9BA21ED2C80AEBA00DB8729 /* ButtonWithSheetView.swift */; };
		A9BA21F02C80B24E00DB8729 /* CancelSheetButtonView.swift in Sources */ = {isa = PBXBuildFile; fileRef = A9BA21EF2C80B24E00DB8729 /* CancelSheetButtonView.swift */; };
		A9BA21F22C80B30700DB8729 /* CustomTextFieldView.swift in Sources */ = {isa = PBXBuildFile; fileRef = A9BA21F12C80B30700DB8729 /* CustomTextFieldView.swift */; };
		A9BA21F42C80BD3700DB8729 /* EmptyPortfolioView.swift in Sources */ = {isa = PBXBuildFile; fileRef = A9BA21F32C80BD3700DB8729 /* EmptyPortfolioView.swift */; };
		A9BA21F62C80BF9F00DB8729 /* CustomSheetView.swift in Sources */ = {isa = PBXBuildFile; fileRef = A9BA21F52C80BF9F00DB8729 /* CustomSheetView.swift */; };
		A9BA21F82C81B08600DB8729 /* PricePerCoinView.swift in Sources */ = {isa = PBXBuildFile; fileRef = A9BA21F72C81B08600DB8729 /* PricePerCoinView.swift */; };
		A9BA21FB2C81BBC700DB8729 /* HeaderFontStyle.swift in Sources */ = {isa = PBXBuildFile; fileRef = A9BA21FA2C81BBC700DB8729 /* HeaderFontStyle.swift */; };
		A9BA21FD2C81BC3400DB8729 /* Extension+View.swift in Sources */ = {isa = PBXBuildFile; fileRef = A9BA21FC2C81BC3400DB8729 /* Extension+View.swift */; };
		A9BA21FF2C81C71E00DB8729 /* PortfolioListHeaderView.swift in Sources */ = {isa = PBXBuildFile; fileRef = A9BA21FE2C81C71E00DB8729 /* PortfolioListHeaderView.swift */; };
		A9FE0B8F2C7A33C2007A0AF4 /* MarketDataViewModel.swift in Sources */ = {isa = PBXBuildFile; fileRef = A9FE0B8E2C7A33C2007A0AF4 /* MarketDataViewModel.swift */; };
		A9FE0B912C7C80A0007A0AF4 /* CoinsSearchViewModel.swift in Sources */ = {isa = PBXBuildFile; fileRef = A9FE0B902C7C80A0007A0AF4 /* CoinsSearchViewModel.swift */; };
		A9FE0B932C7C8F8A007A0AF4 /* CoinSearch.swift in Sources */ = {isa = PBXBuildFile; fileRef = A9FE0B922C7C8F8A007A0AF4 /* CoinSearch.swift */; };
		A9FE0B962C7C95CD007A0AF4 /* SearchBarView.swift in Sources */ = {isa = PBXBuildFile; fileRef = A9FE0B952C7C95CD007A0AF4 /* SearchBarView.swift */; };
		A9FE0B982C7CB3A8007A0AF4 /* Extension+Int.swift in Sources */ = {isa = PBXBuildFile; fileRef = A9FE0B972C7CB3A8007A0AF4 /* Extension+Int.swift */; };
		A9FE0B9A2C7E3231007A0AF4 /* PortfolioViewModel.swift in Sources */ = {isa = PBXBuildFile; fileRef = A9FE0B992C7E3231007A0AF4 /* PortfolioViewModel.swift */; };
		A9FE0B9D2C7E32CC007A0AF4 /* CoreDataManager.swift in Sources */ = {isa = PBXBuildFile; fileRef = A9FE0B9C2C7E32CC007A0AF4 /* CoreDataManager.swift */; };
		A9FE0BA02C7E3331007A0AF4 /* Portfolio.xcdatamodeld in Sources */ = {isa = PBXBuildFile; fileRef = A9FE0B9E2C7E3331007A0AF4 /* Portfolio.xcdatamodeld */; };
		A9FE0BA32C7F2C57007A0AF4 /* PortfolioView.swift in Sources */ = {isa = PBXBuildFile; fileRef = A9FE0BA22C7F2C57007A0AF4 /* PortfolioView.swift */; };
		A9FE0BA52C7F327D007A0AF4 /* PieChartView.swift in Sources */ = {isa = PBXBuildFile; fileRef = A9FE0BA42C7F327D007A0AF4 /* PieChartView.swift */; };
		A9FE0BA72C7F3A48007A0AF4 /* PriceView.swift in Sources */ = {isa = PBXBuildFile; fileRef = A9FE0BA62C7F3A48007A0AF4 /* PriceView.swift */; };
		A9FE0BA92C7F3AC5007A0AF4 /* CapitalizationView.swift in Sources */ = {isa = PBXBuildFile; fileRef = A9FE0BA82C7F3AC5007A0AF4 /* CapitalizationView.swift */; };
		A9FE0BAB2C7F3CC6007A0AF4 /* PortfolioCoinRowView.swift in Sources */ = {isa = PBXBuildFile; fileRef = A9FE0BAA2C7F3CC6007A0AF4 /* PortfolioCoinRowView.swift */; };
		A9FE0BAE2C7F3EBF007A0AF4 /* PortfolioCoinsView.swift in Sources */ = {isa = PBXBuildFile; fileRef = A9FE0BAD2C7F3EBF007A0AF4 /* PortfolioCoinsView.swift */; };
		A9FE0BB42C7F452F007A0AF4 /* BuyCoinButtonView.swift in Sources */ = {isa = PBXBuildFile; fileRef = A9FE0BB32C7F452F007A0AF4 /* BuyCoinButtonView.swift */; };
		A9FE0BB62C7F4867007A0AF4 /* BuyCoinSheetView.swift in Sources */ = {isa = PBXBuildFile; fileRef = A9FE0BB52C7F4867007A0AF4 /* BuyCoinSheetView.swift */; };
		A9FE0BB82C7F63AE007A0AF4 /* SellCoinButtonView.swift in Sources */ = {isa = PBXBuildFile; fileRef = A9FE0BB72C7F63AE007A0AF4 /* SellCoinButtonView.swift */; };
		A9FE0BBA2C7F651A007A0AF4 /* SellCoinSheetView.swift in Sources */ = {isa = PBXBuildFile; fileRef = A9FE0BB92C7F651A007A0AF4 /* SellCoinSheetView.swift */; };
/* End PBXBuildFile section */

/* Begin PBXFileReference section */
		A97DB20E2C772B380054233A /* CryptoTracker.app */ = {isa = PBXFileReference; explicitFileType = wrapper.application; includeInIndex = 0; path = CryptoTracker.app; sourceTree = BUILT_PRODUCTS_DIR; };
		A97DB2112C772B380054233A /* CryptoTrackerApp.swift */ = {isa = PBXFileReference; lastKnownFileType = sourcecode.swift; path = CryptoTrackerApp.swift; sourceTree = "<group>"; };
		A97DB2152C772B390054233A /* Assets.xcassets */ = {isa = PBXFileReference; lastKnownFileType = folder.assetcatalog; path = Assets.xcassets; sourceTree = "<group>"; };
		A97DB2182C772B390054233A /* Preview Assets.xcassets */ = {isa = PBXFileReference; lastKnownFileType = folder.assetcatalog; path = "Preview Assets.xcassets"; sourceTree = "<group>"; };
		A97DB21F2C772BE00054233A /* APICredentials.swift */ = {isa = PBXFileReference; lastKnownFileType = sourcecode.swift; path = APICredentials.swift; sourceTree = "<group>"; };
		A982757F2C7747B10003ABE0 /* Coin.swift */ = {isa = PBXFileReference; lastKnownFileType = sourcecode.swift; path = Coin.swift; sourceTree = "<group>"; };
		A98275812C7748410003ABE0 /* CoinRowView.swift */ = {isa = PBXFileReference; lastKnownFileType = sourcecode.swift; path = CoinRowView.swift; sourceTree = "<group>"; };
		A98275842C774A330003ABE0 /* PreviewsMockData.swift */ = {isa = PBXFileReference; lastKnownFileType = sourcecode.swift; path = PreviewsMockData.swift; sourceTree = "<group>"; };
		A98275862C774C9F0003ABE0 /* Extension+Double.swift */ = {isa = PBXFileReference; lastKnownFileType = sourcecode.swift; path = "Extension+Double.swift"; sourceTree = "<group>"; };
		A98275882C7753B10003ABE0 /* Extension+NumberFormatter.swift */ = {isa = PBXFileReference; lastKnownFileType = sourcecode.swift; path = "Extension+NumberFormatter.swift"; sourceTree = "<group>"; };
		A982758C2C775B650003ABE0 /* CoinsListView.swift */ = {isa = PBXFileReference; lastKnownFileType = sourcecode.swift; path = CoinsListView.swift; sourceTree = "<group>"; };
		A98275902C775BBA0003ABE0 /* MarketView.swift */ = {isa = PBXFileReference; lastKnownFileType = sourcecode.swift; path = MarketView.swift; sourceTree = "<group>"; };
		A98275922C775BD00003ABE0 /* CoinsListViewModel.swift */ = {isa = PBXFileReference; lastKnownFileType = sourcecode.swift; path = CoinsListViewModel.swift; sourceTree = "<group>"; };
		A98275942C775BF80003ABE0 /* NetworkManager.swift */ = {isa = PBXFileReference; lastKnownFileType = sourcecode.swift; path = NetworkManager.swift; sourceTree = "<group>"; };
		A98275972C77937A0003ABE0 /* SortOptionButtonView.swift */ = {isa = PBXFileReference; lastKnownFileType = sourcecode.swift; path = SortOptionButtonView.swift; sourceTree = "<group>"; };
		A98275992C779A270003ABE0 /* SortBarView.swift */ = {isa = PBXFileReference; lastKnownFileType = sourcecode.swift; path = SortBarView.swift; sourceTree = "<group>"; };
		A982759B2C779E820003ABE0 /* CoinLogoImageView.swift */ = {isa = PBXFileReference; lastKnownFileType = sourcecode.swift; path = CoinLogoImageView.swift; sourceTree = "<group>"; };
		A982759D2C77A8AF0003ABE0 /* CoinsAmountFilterBarView.swift */ = {isa = PBXFileReference; lastKnownFileType = sourcecode.swift; path = CoinsAmountFilterBarView.swift; sourceTree = "<group>"; };
		A98275A02C77AA440003ABE0 /* CoinsAmountButtonView.swift */ = {isa = PBXFileReference; lastKnownFileType = sourcecode.swift; path = CoinsAmountButtonView.swift; sourceTree = "<group>"; };
		A98275A22C78B1AA0003ABE0 /* Market.swift */ = {isa = PBXFileReference; lastKnownFileType = sourcecode.swift; path = Market.swift; sourceTree = "<group>"; };
		A98275A42C78B7500003ABE0 /* NetworkError.swift */ = {isa = PBXFileReference; lastKnownFileType = sourcecode.swift; path = NetworkError.swift; sourceTree = "<group>"; };
		A98275A82C78C1000003ABE0 /* MarketDataPanelView.swift */ = {isa = PBXFileReference; lastKnownFileType = sourcecode.swift; path = MarketDataPanelView.swift; sourceTree = "<group>"; };
		A98275AA2C78C18A0003ABE0 /* MarketDataICellHeaderView.swift */ = {isa = PBXFileReference; lastKnownFileType = sourcecode.swift; path = MarketDataICellHeaderView.swift; sourceTree = "<group>"; };
		A98275AC2C78C2520003ABE0 /* PercentageView.swift */ = {isa = PBXFileReference; lastKnownFileType = sourcecode.swift; path = PercentageView.swift; sourceTree = "<group>"; };
		A98275AF2C78EC9B0003ABE0 /* CoinDetail.swift */ = {isa = PBXFileReference; lastKnownFileType = sourcecode.swift; path = CoinDetail.swift; sourceTree = "<group>"; };
		A98275B12C78F3640003ABE0 /* CoinDetailViewModel.swift */ = {isa = PBXFileReference; lastKnownFileType = sourcecode.swift; path = CoinDetailViewModel.swift; sourceTree = "<group>"; };
		A98275B32C78F59B0003ABE0 /* CoinDetailView.swift */ = {isa = PBXFileReference; lastKnownFileType = sourcecode.swift; path = CoinDetailView.swift; sourceTree = "<group>"; };
		A98275B62C78FAFA0003ABE0 /* LineChartView.swift */ = {isa = PBXFileReference; lastKnownFileType = sourcecode.swift; path = LineChartView.swift; sourceTree = "<group>"; };
		A98275B82C79D4000003ABE0 /* LoadingView.swift */ = {isa = PBXFileReference; lastKnownFileType = sourcecode.swift; path = LoadingView.swift; sourceTree = "<group>"; };
		A98275BA2C79DDDB0003ABE0 /* Extension+String.swift */ = {isa = PBXFileReference; lastKnownFileType = sourcecode.swift; path = "Extension+String.swift"; sourceTree = "<group>"; };
		A98275BC2C79E88F0003ABE0 /* CoinPropertyView.swift */ = {isa = PBXFileReference; lastKnownFileType = sourcecode.swift; path = CoinPropertyView.swift; sourceTree = "<group>"; };
		A98275BE2C79EBE10003ABE0 /* CoinPropertiesBarView.swift */ = {isa = PBXFileReference; lastKnownFileType = sourcecode.swift; path = CoinPropertiesBarView.swift; sourceTree = "<group>"; };
		A98275C02C79F0820003ABE0 /* CoinChangePercentageView.swift */ = {isa = PBXFileReference; lastKnownFileType = sourcecode.swift; path = CoinChangePercentageView.swift; sourceTree = "<group>"; };
		A98275C22C79F2F60003ABE0 /* CoinDescriptionView.swift */ = {isa = PBXFileReference; lastKnownFileType = sourcecode.swift; path = CoinDescriptionView.swift; sourceTree = "<group>"; };
		A98275C42C79F6230003ABE0 /* CoinDetailTitleView.swift */ = {isa = PBXFileReference; lastKnownFileType = sourcecode.swift; path = CoinDetailTitleView.swift; sourceTree = "<group>"; };
		A98275C62C79F82A0003ABE0 /* DismissButtonView.swift */ = {isa = PBXFileReference; lastKnownFileType = sourcecode.swift; path = DismissButtonView.swift; sourceTree = "<group>"; };
		A9BA21ED2C80AEBA00DB8729 /* ButtonWithSheetView.swift */ = {isa = PBXFileReference; lastKnownFileType = sourcecode.swift; path = ButtonWithSheetView.swift; sourceTree = "<group>"; };
		A9BA21EF2C80B24E00DB8729 /* CancelSheetButtonView.swift */ = {isa = PBXFileReference; lastKnownFileType = sourcecode.swift; path = CancelSheetButtonView.swift; sourceTree = "<group>"; };
		A9BA21F12C80B30700DB8729 /* CustomTextFieldView.swift */ = {isa = PBXFileReference; lastKnownFileType = sourcecode.swift; path = CustomTextFieldView.swift; sourceTree = "<group>"; };
		A9BA21F32C80BD3700DB8729 /* EmptyPortfolioView.swift */ = {isa = PBXFileReference; lastKnownFileType = sourcecode.swift; path = EmptyPortfolioView.swift; sourceTree = "<group>"; };
		A9BA21F52C80BF9F00DB8729 /* CustomSheetView.swift */ = {isa = PBXFileReference; lastKnownFileType = sourcecode.swift; path = CustomSheetView.swift; sourceTree = "<group>"; };
		A9BA21F72C81B08600DB8729 /* PricePerCoinView.swift */ = {isa = PBXFileReference; lastKnownFileType = sourcecode.swift; path = PricePerCoinView.swift; sourceTree = "<group>"; };
		A9BA21FA2C81BBC700DB8729 /* HeaderFontStyle.swift */ = {isa = PBXFileReference; lastKnownFileType = sourcecode.swift; path = HeaderFontStyle.swift; sourceTree = "<group>"; };
		A9BA21FC2C81BC3400DB8729 /* Extension+View.swift */ = {isa = PBXFileReference; lastKnownFileType = sourcecode.swift; path = "Extension+View.swift"; sourceTree = "<group>"; };
		A9BA21FE2C81C71E00DB8729 /* PortfolioListHeaderView.swift */ = {isa = PBXFileReference; lastKnownFileType = sourcecode.swift; path = PortfolioListHeaderView.swift; sourceTree = "<group>"; };
		A9FE0B8E2C7A33C2007A0AF4 /* MarketDataViewModel.swift */ = {isa = PBXFileReference; lastKnownFileType = sourcecode.swift; path = MarketDataViewModel.swift; sourceTree = "<group>"; };
		A9FE0B902C7C80A0007A0AF4 /* CoinsSearchViewModel.swift */ = {isa = PBXFileReference; lastKnownFileType = sourcecode.swift; path = CoinsSearchViewModel.swift; sourceTree = "<group>"; };
		A9FE0B922C7C8F8A007A0AF4 /* CoinSearch.swift */ = {isa = PBXFileReference; lastKnownFileType = sourcecode.swift; path = CoinSearch.swift; sourceTree = "<group>"; };
		A9FE0B952C7C95CD007A0AF4 /* SearchBarView.swift */ = {isa = PBXFileReference; lastKnownFileType = sourcecode.swift; path = SearchBarView.swift; sourceTree = "<group>"; };
		A9FE0B972C7CB3A8007A0AF4 /* Extension+Int.swift */ = {isa = PBXFileReference; lastKnownFileType = sourcecode.swift; path = "Extension+Int.swift"; sourceTree = "<group>"; };
		A9FE0B992C7E3231007A0AF4 /* PortfolioViewModel.swift */ = {isa = PBXFileReference; lastKnownFileType = sourcecode.swift; path = PortfolioViewModel.swift; sourceTree = "<group>"; };
		A9FE0B9C2C7E32CC007A0AF4 /* CoreDataManager.swift */ = {isa = PBXFileReference; lastKnownFileType = sourcecode.swift; path = CoreDataManager.swift; sourceTree = "<group>"; };
		A9FE0B9F2C7E3331007A0AF4 /* Portfolio.xcdatamodel */ = {isa = PBXFileReference; lastKnownFileType = wrapper.xcdatamodel; path = Portfolio.xcdatamodel; sourceTree = "<group>"; };
		A9FE0BA22C7F2C57007A0AF4 /* PortfolioView.swift */ = {isa = PBXFileReference; lastKnownFileType = sourcecode.swift; path = PortfolioView.swift; sourceTree = "<group>"; };
		A9FE0BA42C7F327D007A0AF4 /* PieChartView.swift */ = {isa = PBXFileReference; lastKnownFileType = sourcecode.swift; path = PieChartView.swift; sourceTree = "<group>"; };
		A9FE0BA62C7F3A48007A0AF4 /* PriceView.swift */ = {isa = PBXFileReference; lastKnownFileType = sourcecode.swift; path = PriceView.swift; sourceTree = "<group>"; };
		A9FE0BA82C7F3AC5007A0AF4 /* CapitalizationView.swift */ = {isa = PBXFileReference; lastKnownFileType = sourcecode.swift; path = CapitalizationView.swift; sourceTree = "<group>"; };
		A9FE0BAA2C7F3CC6007A0AF4 /* PortfolioCoinRowView.swift */ = {isa = PBXFileReference; lastKnownFileType = sourcecode.swift; path = PortfolioCoinRowView.swift; sourceTree = "<group>"; };
		A9FE0BAD2C7F3EBF007A0AF4 /* PortfolioCoinsView.swift */ = {isa = PBXFileReference; lastKnownFileType = sourcecode.swift; path = PortfolioCoinsView.swift; sourceTree = "<group>"; };
		A9FE0BB32C7F452F007A0AF4 /* BuyCoinButtonView.swift */ = {isa = PBXFileReference; lastKnownFileType = sourcecode.swift; path = BuyCoinButtonView.swift; sourceTree = "<group>"; };
		A9FE0BB52C7F4867007A0AF4 /* BuyCoinSheetView.swift */ = {isa = PBXFileReference; lastKnownFileType = sourcecode.swift; path = BuyCoinSheetView.swift; sourceTree = "<group>"; };
		A9FE0BB72C7F63AE007A0AF4 /* SellCoinButtonView.swift */ = {isa = PBXFileReference; lastKnownFileType = sourcecode.swift; path = SellCoinButtonView.swift; sourceTree = "<group>"; };
		A9FE0BB92C7F651A007A0AF4 /* SellCoinSheetView.swift */ = {isa = PBXFileReference; lastKnownFileType = sourcecode.swift; path = SellCoinSheetView.swift; sourceTree = "<group>"; };
/* End PBXFileReference section */

/* Begin PBXFrameworksBuildPhase section */
		A97DB20B2C772B380054233A /* Frameworks */ = {
			isa = PBXFrameworksBuildPhase;
			buildActionMask = 2147483647;
			files = (
			);
			runOnlyForDeploymentPostprocessing = 0;
		};
/* End PBXFrameworksBuildPhase section */

/* Begin PBXGroup section */
		A97DB2052C772B380054233A = {
			isa = PBXGroup;
			children = (
				A97DB2102C772B380054233A /* CryptoTracker */,
				A97DB20F2C772B380054233A /* Products */,
			);
			sourceTree = "<group>";
		};
		A97DB20F2C772B380054233A /* Products */ = {
			isa = PBXGroup;
			children = (
				A97DB20E2C772B380054233A /* CryptoTracker.app */,
			);
			name = Products;
			sourceTree = "<group>";
		};
		A97DB2102C772B380054233A /* CryptoTracker */ = {
			isa = PBXGroup;
			children = (
				A9BA21F92C81BB9900DB8729 /* ViewModifiers */,
				A97DB2232C772C470054233A /* Views */,
				A97DB2222C772C410054233A /* ViewModels */,
				A97DB2212C772C3D0054233A /* Models */,
				A97DB2262C772C640054233A /* NetworkManager */,
				A9FE0B9B2C7E327A007A0AF4 /* CoreDataManager */,
				A97DB2242C772C4C0054233A /* Extensions */,
				A97DB2112C772B380054233A /* CryptoTrackerApp.swift */,
				A97DB2152C772B390054233A /* Assets.xcassets */,
				A97DB2172C772B390054233A /* Preview Content */,
				A98275842C774A330003ABE0 /* PreviewsMockData.swift */,
				A97DB21F2C772BE00054233A /* APICredentials.swift */,
			);
			path = CryptoTracker;
			sourceTree = "<group>";
		};
		A97DB2172C772B390054233A /* Preview Content */ = {
			isa = PBXGroup;
			children = (
				A97DB2182C772B390054233A /* Preview Assets.xcassets */,
			);
			path = "Preview Content";
			sourceTree = "<group>";
		};
		A97DB2212C772C3D0054233A /* Models */ = {
			isa = PBXGroup;
			children = (
				A98275A22C78B1AA0003ABE0 /* Market.swift */,
				A982757F2C7747B10003ABE0 /* Coin.swift */,
				A98275AF2C78EC9B0003ABE0 /* CoinDetail.swift */,
				A9FE0B922C7C8F8A007A0AF4 /* CoinSearch.swift */,
			);
			path = Models;
			sourceTree = "<group>";
		};
		A97DB2222C772C410054233A /* ViewModels */ = {
			isa = PBXGroup;
			children = (
				A98275922C775BD00003ABE0 /* CoinsListViewModel.swift */,
				A98275B12C78F3640003ABE0 /* CoinDetailViewModel.swift */,
				A9FE0B8E2C7A33C2007A0AF4 /* MarketDataViewModel.swift */,
				A9FE0B902C7C80A0007A0AF4 /* CoinsSearchViewModel.swift */,
				A9FE0B992C7E3231007A0AF4 /* PortfolioViewModel.swift */,
			);
			path = ViewModels;
			sourceTree = "<group>";
		};
		A97DB2232C772C470054233A /* Views */ = {
			isa = PBXGroup;
			children = (
				A9FE0BA12C7F2C3B007A0AF4 /* PortfolioScreen */,
				A9FE0B942C7C959E007A0AF4 /* SearchBarScreen */,
				A982758E2C775B9A0003ABE0 /* MarketScreen */,
				A98275AE2C78E5CC0003ABE0 /* CoinDetailScreen */,
				A9BA22012C81E6F500DB8729 /* BuySellCoinScreens */,
			);
			path = Views;
			sourceTree = "<group>";
		};
		A97DB2242C772C4C0054233A /* Extensions */ = {
			isa = PBXGroup;
			children = (
				A98275862C774C9F0003ABE0 /* Extension+Double.swift */,
				A98275882C7753B10003ABE0 /* Extension+NumberFormatter.swift */,
				A98275BA2C79DDDB0003ABE0 /* Extension+String.swift */,
				A9FE0B972C7CB3A8007A0AF4 /* Extension+Int.swift */,
				A9BA21FC2C81BC3400DB8729 /* Extension+View.swift */,
			);
			path = Extensions;
			sourceTree = "<group>";
		};
		A97DB2262C772C640054233A /* NetworkManager */ = {
			isa = PBXGroup;
			children = (
				A98275942C775BF80003ABE0 /* NetworkManager.swift */,
				A98275A42C78B7500003ABE0 /* NetworkError.swift */,
			);
			path = NetworkManager;
			sourceTree = "<group>";
		};
		A982758E2C775B9A0003ABE0 /* MarketScreen */ = {
			isa = PBXGroup;
			children = (
				A98275902C775BBA0003ABE0 /* MarketView.swift */,
				A982758F2C775BA30003ABE0 /* Subviews */,
				A98275962C77933F0003ABE0 /* Components */,
			);
			path = MarketScreen;
			sourceTree = "<group>";
		};
		A982758F2C775BA30003ABE0 /* Subviews */ = {
			isa = PBXGroup;
			children = (
				A98275A82C78C1000003ABE0 /* MarketDataPanelView.swift */,
				A982758C2C775B650003ABE0 /* CoinsListView.swift */,
				A98275812C7748410003ABE0 /* CoinRowView.swift */,
			);
			path = Subviews;
			sourceTree = "<group>";
		};
		A98275962C77933F0003ABE0 /* Components */ = {
			isa = PBXGroup;
			children = (
				A9FE0BA62C7F3A48007A0AF4 /* PriceView.swift */,
				A98275992C779A270003ABE0 /* SortBarView.swift */,
				A98275972C77937A0003ABE0 /* SortOptionButtonView.swift */,
				A982759B2C779E820003ABE0 /* CoinLogoImageView.swift */,
				A982759D2C77A8AF0003ABE0 /* CoinsAmountFilterBarView.swift */,
				A98275A02C77AA440003ABE0 /* CoinsAmountButtonView.swift */,
				A98275AA2C78C18A0003ABE0 /* MarketDataICellHeaderView.swift */,
				A98275AC2C78C2520003ABE0 /* PercentageView.swift */,
				A9FE0BA82C7F3AC5007A0AF4 /* CapitalizationView.swift */,
			);
			path = Components;
			sourceTree = "<group>";
		};
		A98275AE2C78E5CC0003ABE0 /* CoinDetailScreen */ = {
			isa = PBXGroup;
			children = (
				A98275B32C78F59B0003ABE0 /* CoinDetailView.swift */,
				A98275B52C78FADD0003ABE0 /* Subviews */,
			);
			path = CoinDetailScreen;
			sourceTree = "<group>";
		};
		A98275B52C78FADD0003ABE0 /* Subviews */ = {
			isa = PBXGroup;
			children = (
				A98275B62C78FAFA0003ABE0 /* LineChartView.swift */,
				A98275B82C79D4000003ABE0 /* LoadingView.swift */,
				A98275BC2C79E88F0003ABE0 /* CoinPropertyView.swift */,
				A98275BE2C79EBE10003ABE0 /* CoinPropertiesBarView.swift */,
				A98275C02C79F0820003ABE0 /* CoinChangePercentageView.swift */,
				A98275C22C79F2F60003ABE0 /* CoinDescriptionView.swift */,
				A98275C42C79F6230003ABE0 /* CoinDetailTitleView.swift */,
				A98275C62C79F82A0003ABE0 /* DismissButtonView.swift */,
			);
			path = Subviews;
			sourceTree = "<group>";
		};
		A9BA21F92C81BB9900DB8729 /* ViewModifiers */ = {
			isa = PBXGroup;
			children = (
				A9BA21FA2C81BBC700DB8729 /* HeaderFontStyle.swift */,
			);
			path = ViewModifiers;
			sourceTree = "<group>";
		};
		A9BA22002C81E6C900DB8729 /* Subviews */ = {
			isa = PBXGroup;
			children = (
				A9FE0BA42C7F327D007A0AF4 /* PieChartView.swift */,
				A9FE0BAD2C7F3EBF007A0AF4 /* PortfolioCoinsView.swift */,
				A9BA21FE2C81C71E00DB8729 /* PortfolioListHeaderView.swift */,
				A9FE0BAA2C7F3CC6007A0AF4 /* PortfolioCoinRowView.swift */,
				A9BA21F32C80BD3700DB8729 /* EmptyPortfolioView.swift */,
			);
			path = Subviews;
			sourceTree = "<group>";
		};
		A9BA22012C81E6F500DB8729 /* BuySellCoinScreens */ = {
			isa = PBXGroup;
			children = (
				A9FE0BB32C7F452F007A0AF4 /* BuyCoinButtonView.swift */,
				A9FE0BB52C7F4867007A0AF4 /* BuyCoinSheetView.swift */,
				A9FE0BB72C7F63AE007A0AF4 /* SellCoinButtonView.swift */,
				A9FE0BB92C7F651A007A0AF4 /* SellCoinSheetView.swift */,
				A9BA22022C81E79F00DB8729 /* Components */,
			);
			path = BuySellCoinScreens;
			sourceTree = "<group>";
		};
		A9BA22022C81E79F00DB8729 /* Components */ = {
			isa = PBXGroup;
			children = (
				A9BA21ED2C80AEBA00DB8729 /* ButtonWithSheetView.swift */,
				A9BA21EF2C80B24E00DB8729 /* CancelSheetButtonView.swift */,
				A9BA21F12C80B30700DB8729 /* CustomTextFieldView.swift */,
				A9BA21F52C80BF9F00DB8729 /* CustomSheetView.swift */,
				A9BA21F72C81B08600DB8729 /* PricePerCoinView.swift */,
			);
			path = Components;
			sourceTree = "<group>";
		};
		A9FE0B942C7C959E007A0AF4 /* SearchBarScreen */ = {
			isa = PBXGroup;
			children = (
				A9FE0B952C7C95CD007A0AF4 /* SearchBarView.swift */,
			);
			path = SearchBarScreen;
			sourceTree = "<group>";
		};
		A9FE0B9B2C7E327A007A0AF4 /* CoreDataManager */ = {
			isa = PBXGroup;
			children = (
				A9FE0B9C2C7E32CC007A0AF4 /* CoreDataManager.swift */,
				A9FE0B9E2C7E3331007A0AF4 /* Portfolio.xcdatamodeld */,
			);
			path = CoreDataManager;
			sourceTree = "<group>";
		};
		A9FE0BA12C7F2C3B007A0AF4 /* PortfolioScreen */ = {
			isa = PBXGroup;
			children = (
				A9FE0BA22C7F2C57007A0AF4 /* PortfolioView.swift */,
				A9BA22002C81E6C900DB8729 /* Subviews */,
			);
			path = PortfolioScreen;
			sourceTree = "<group>";
		};
/* End PBXGroup section */

/* Begin PBXNativeTarget section */
		A97DB20D2C772B380054233A /* CryptoTracker */ = {
			isa = PBXNativeTarget;
			buildConfigurationList = A97DB21C2C772B390054233A /* Build configuration list for PBXNativeTarget "CryptoTracker" */;
			buildPhases = (
				A97DB20A2C772B380054233A /* Sources */,
				A97DB20B2C772B380054233A /* Frameworks */,
				A97DB20C2C772B380054233A /* Resources */,
			);
			buildRules = (
			);
			dependencies = (
			);
			name = CryptoTracker;
			productName = CryptoTracker;
			productReference = A97DB20E2C772B380054233A /* CryptoTracker.app */;
			productType = "com.apple.product-type.application";
		};
/* End PBXNativeTarget section */

/* Begin PBXProject section */
		A97DB2062C772B380054233A /* Project object */ = {
			isa = PBXProject;
			attributes = {
				BuildIndependentTargetsInParallel = 1;
				LastSwiftUpdateCheck = 1500;
				LastUpgradeCheck = 1500;
				TargetAttributes = {
					A97DB20D2C772B380054233A = {
						CreatedOnToolsVersion = 15.0.1;
					};
				};
			};
			buildConfigurationList = A97DB2092C772B380054233A /* Build configuration list for PBXProject "CryptoTracker" */;
			compatibilityVersion = "Xcode 14.0";
			developmentRegion = en;
			hasScannedForEncodings = 0;
			knownRegions = (
				en,
				Base,
			);
			mainGroup = A97DB2052C772B380054233A;
			productRefGroup = A97DB20F2C772B380054233A /* Products */;
			projectDirPath = "";
			projectRoot = "";
			targets = (
				A97DB20D2C772B380054233A /* CryptoTracker */,
			);
		};
/* End PBXProject section */

/* Begin PBXResourcesBuildPhase section */
		A97DB20C2C772B380054233A /* Resources */ = {
			isa = PBXResourcesBuildPhase;
			buildActionMask = 2147483647;
			files = (
				A97DB2192C772B390054233A /* Preview Assets.xcassets in Resources */,
				A97DB2162C772B390054233A /* Assets.xcassets in Resources */,
			);
			runOnlyForDeploymentPostprocessing = 0;
		};
/* End PBXResourcesBuildPhase section */

/* Begin PBXSourcesBuildPhase section */
		A97DB20A2C772B380054233A /* Sources */ = {
			isa = PBXSourcesBuildPhase;
			buildActionMask = 2147483647;
			files = (
				A98275872C774C9F0003ABE0 /* Extension+Double.swift in Sources */,
				A98275C72C79F82A0003ABE0 /* DismissButtonView.swift in Sources */,
				A98275B72C78FAFA0003ABE0 /* LineChartView.swift in Sources */,
				A9BA21F62C80BF9F00DB8729 /* CustomSheetView.swift in Sources */,
				A9FE0BBA2C7F651A007A0AF4 /* SellCoinSheetView.swift in Sources */,
				A97DB2202C772BE00054233A /* APICredentials.swift in Sources */,
				A9FE0BA52C7F327D007A0AF4 /* PieChartView.swift in Sources */,
				A98275C52C79F6230003ABE0 /* CoinDetailTitleView.swift in Sources */,
				A9FE0BA92C7F3AC5007A0AF4 /* CapitalizationView.swift in Sources */,
				A9FE0BA02C7E3331007A0AF4 /* Portfolio.xcdatamodeld in Sources */,
				A98275952C775BF80003ABE0 /* NetworkManager.swift in Sources */,
				A9BA21F42C80BD3700DB8729 /* EmptyPortfolioView.swift in Sources */,
				A9BA21FF2C81C71E00DB8729 /* PortfolioListHeaderView.swift in Sources */,
				A9FE0BB62C7F4867007A0AF4 /* BuyCoinSheetView.swift in Sources */,
				A98275822C7748410003ABE0 /* CoinRowView.swift in Sources */,
				A9BA21FB2C81BBC700DB8729 /* HeaderFontStyle.swift in Sources */,
				A9BA21F22C80B30700DB8729 /* CustomTextFieldView.swift in Sources */,
				A9FE0BAB2C7F3CC6007A0AF4 /* PortfolioCoinRowView.swift in Sources */,
				A98275912C775BBA0003ABE0 /* MarketView.swift in Sources */,
				A98275802C7747B10003ABE0 /* Coin.swift in Sources */,
				A9BA21EE2C80AEBA00DB8729 /* ButtonWithSheetView.swift in Sources */,
				A98275BF2C79EBE10003ABE0 /* CoinPropertiesBarView.swift in Sources */,
				A9BA21FD2C81BC3400DB8729 /* Extension+View.swift in Sources */,
				A98275BB2C79DDDB0003ABE0 /* Extension+String.swift in Sources */,
				A9FE0BA72C7F3A48007A0AF4 /* PriceView.swift in Sources */,
				A9FE0B962C7C95CD007A0AF4 /* SearchBarView.swift in Sources */,
				A98275B92C79D4000003ABE0 /* LoadingView.swift in Sources */,
				A98275B02C78EC9B0003ABE0 /* CoinDetail.swift in Sources */,
				A98275B42C78F59B0003ABE0 /* CoinDetailView.swift in Sources */,
				A98275982C77937A0003ABE0 /* SortOptionButtonView.swift in Sources */,
				A98275852C774A330003ABE0 /* PreviewsMockData.swift in Sources */,
				A982759C2C779E830003ABE0 /* CoinLogoImageView.swift in Sources */,
				A9FE0BAE2C7F3EBF007A0AF4 /* PortfolioCoinsView.swift in Sources */,
				A98275932C775BD00003ABE0 /* CoinsListViewModel.swift in Sources */,
				A98275B22C78F3640003ABE0 /* CoinDetailViewModel.swift in Sources */,
				A9FE0BB42C7F452F007A0AF4 /* BuyCoinButtonView.swift in Sources */,
				A97DB2122C772B380054233A /* CryptoTrackerApp.swift in Sources */,
				A9BA21F82C81B08600DB8729 /* PricePerCoinView.swift in Sources */,
				A98275892C7753B10003ABE0 /* Extension+NumberFormatter.swift in Sources */,
				A9FE0B9D2C7E32CC007A0AF4 /* CoreDataManager.swift in Sources */,
				A98275AB2C78C18A0003ABE0 /* MarketDataICellHeaderView.swift in Sources */,
				A9FE0B912C7C80A0007A0AF4 /* CoinsSearchViewModel.swift in Sources */,
				A9FE0B8F2C7A33C2007A0AF4 /* MarketDataViewModel.swift in Sources */,
				A982758D2C775B650003ABE0 /* CoinsListView.swift in Sources */,
				A98275A12C77AA440003ABE0 /* CoinsAmountButtonView.swift in Sources */,
				A9FE0BA32C7F2C57007A0AF4 /* PortfolioView.swift in Sources */,
				A9FE0BB82C7F63AE007A0AF4 /* SellCoinButtonView.swift in Sources */,
				A98275BD2C79E88F0003ABE0 /* CoinPropertyView.swift in Sources */,
				A9FE0B9A2C7E3231007A0AF4 /* PortfolioViewModel.swift in Sources */,
				A982759A2C779A270003ABE0 /* SortBarView.swift in Sources */,
				A9FE0B932C7C8F8A007A0AF4 /* CoinSearch.swift in Sources */,
				A98275AD2C78C2520003ABE0 /* PercentageView.swift in Sources */,
				A98275C12C79F0820003ABE0 /* CoinChangePercentageView.swift in Sources */,
				A9FE0B982C7CB3A8007A0AF4 /* Extension+Int.swift in Sources */,
				A9BA21F02C80B24E00DB8729 /* CancelSheetButtonView.swift in Sources */,
				A982759E2C77A8AF0003ABE0 /* CoinsAmountFilterBarView.swift in Sources */,
				A98275C32C79F2F60003ABE0 /* CoinDescriptionView.swift in Sources */,
				A98275A92C78C1000003ABE0 /* MarketDataPanelView.swift in Sources */,
				A98275A32C78B1AA0003ABE0 /* Market.swift in Sources */,
				A98275A52C78B7500003ABE0 /* NetworkError.swift in Sources */,
			);
			runOnlyForDeploymentPostprocessing = 0;
		};
/* End PBXSourcesBuildPhase section */

/* Begin XCBuildConfiguration section */
		A97DB21A2C772B390054233A /* Debug */ = {
			isa = XCBuildConfiguration;
			buildSettings = {
				ALWAYS_SEARCH_USER_PATHS = NO;
				ASSETCATALOG_COMPILER_GENERATE_SWIFT_ASSET_SYMBOL_EXTENSIONS = YES;
				CLANG_ANALYZER_NONNULL = YES;
				CLANG_ANALYZER_NUMBER_OBJECT_CONVERSION = YES_AGGRESSIVE;
				CLANG_CXX_LANGUAGE_STANDARD = "gnu++20";
				CLANG_ENABLE_MODULES = YES;
				CLANG_ENABLE_OBJC_ARC = YES;
				CLANG_ENABLE_OBJC_WEAK = YES;
				CLANG_WARN_BLOCK_CAPTURE_AUTORELEASING = YES;
				CLANG_WARN_BOOL_CONVERSION = YES;
				CLANG_WARN_COMMA = YES;
				CLANG_WARN_CONSTANT_CONVERSION = YES;
				CLANG_WARN_DEPRECATED_OBJC_IMPLEMENTATIONS = YES;
				CLANG_WARN_DIRECT_OBJC_ISA_USAGE = YES_ERROR;
				CLANG_WARN_DOCUMENTATION_COMMENTS = YES;
				CLANG_WARN_EMPTY_BODY = YES;
				CLANG_WARN_ENUM_CONVERSION = YES;
				CLANG_WARN_INFINITE_RECURSION = YES;
				CLANG_WARN_INT_CONVERSION = YES;
				CLANG_WARN_NON_LITERAL_NULL_CONVERSION = YES;
				CLANG_WARN_OBJC_IMPLICIT_RETAIN_SELF = YES;
				CLANG_WARN_OBJC_LITERAL_CONVERSION = YES;
				CLANG_WARN_OBJC_ROOT_CLASS = YES_ERROR;
				CLANG_WARN_QUOTED_INCLUDE_IN_FRAMEWORK_HEADER = YES;
				CLANG_WARN_RANGE_LOOP_ANALYSIS = YES;
				CLANG_WARN_STRICT_PROTOTYPES = YES;
				CLANG_WARN_SUSPICIOUS_MOVE = YES;
				CLANG_WARN_UNGUARDED_AVAILABILITY = YES_AGGRESSIVE;
				CLANG_WARN_UNREACHABLE_CODE = YES;
				CLANG_WARN__DUPLICATE_METHOD_MATCH = YES;
				COPY_PHASE_STRIP = NO;
				DEBUG_INFORMATION_FORMAT = dwarf;
				ENABLE_STRICT_OBJC_MSGSEND = YES;
				ENABLE_TESTABILITY = YES;
				ENABLE_USER_SCRIPT_SANDBOXING = YES;
				GCC_C_LANGUAGE_STANDARD = gnu17;
				GCC_DYNAMIC_NO_PIC = NO;
				GCC_NO_COMMON_BLOCKS = YES;
				GCC_OPTIMIZATION_LEVEL = 0;
				GCC_PREPROCESSOR_DEFINITIONS = (
					"DEBUG=1",
					"$(inherited)",
				);
				GCC_WARN_64_TO_32_BIT_CONVERSION = YES;
				GCC_WARN_ABOUT_RETURN_TYPE = YES_ERROR;
				GCC_WARN_UNDECLARED_SELECTOR = YES;
				GCC_WARN_UNINITIALIZED_AUTOS = YES_AGGRESSIVE;
				GCC_WARN_UNUSED_FUNCTION = YES;
				GCC_WARN_UNUSED_VARIABLE = YES;
				IPHONEOS_DEPLOYMENT_TARGET = 17.0;
				LOCALIZATION_PREFERS_STRING_CATALOGS = YES;
				MTL_ENABLE_DEBUG_INFO = INCLUDE_SOURCE;
				MTL_FAST_MATH = YES;
				ONLY_ACTIVE_ARCH = YES;
				SDKROOT = iphoneos;
				SWIFT_ACTIVE_COMPILATION_CONDITIONS = "DEBUG $(inherited)";
				SWIFT_OPTIMIZATION_LEVEL = "-Onone";
			};
			name = Debug;
		};
		A97DB21B2C772B390054233A /* Release */ = {
			isa = XCBuildConfiguration;
			buildSettings = {
				ALWAYS_SEARCH_USER_PATHS = NO;
				ASSETCATALOG_COMPILER_GENERATE_SWIFT_ASSET_SYMBOL_EXTENSIONS = YES;
				CLANG_ANALYZER_NONNULL = YES;
				CLANG_ANALYZER_NUMBER_OBJECT_CONVERSION = YES_AGGRESSIVE;
				CLANG_CXX_LANGUAGE_STANDARD = "gnu++20";
				CLANG_ENABLE_MODULES = YES;
				CLANG_ENABLE_OBJC_ARC = YES;
				CLANG_ENABLE_OBJC_WEAK = YES;
				CLANG_WARN_BLOCK_CAPTURE_AUTORELEASING = YES;
				CLANG_WARN_BOOL_CONVERSION = YES;
				CLANG_WARN_COMMA = YES;
				CLANG_WARN_CONSTANT_CONVERSION = YES;
				CLANG_WARN_DEPRECATED_OBJC_IMPLEMENTATIONS = YES;
				CLANG_WARN_DIRECT_OBJC_ISA_USAGE = YES_ERROR;
				CLANG_WARN_DOCUMENTATION_COMMENTS = YES;
				CLANG_WARN_EMPTY_BODY = YES;
				CLANG_WARN_ENUM_CONVERSION = YES;
				CLANG_WARN_INFINITE_RECURSION = YES;
				CLANG_WARN_INT_CONVERSION = YES;
				CLANG_WARN_NON_LITERAL_NULL_CONVERSION = YES;
				CLANG_WARN_OBJC_IMPLICIT_RETAIN_SELF = YES;
				CLANG_WARN_OBJC_LITERAL_CONVERSION = YES;
				CLANG_WARN_OBJC_ROOT_CLASS = YES_ERROR;
				CLANG_WARN_QUOTED_INCLUDE_IN_FRAMEWORK_HEADER = YES;
				CLANG_WARN_RANGE_LOOP_ANALYSIS = YES;
				CLANG_WARN_STRICT_PROTOTYPES = YES;
				CLANG_WARN_SUSPICIOUS_MOVE = YES;
				CLANG_WARN_UNGUARDED_AVAILABILITY = YES_AGGRESSIVE;
				CLANG_WARN_UNREACHABLE_CODE = YES;
				CLANG_WARN__DUPLICATE_METHOD_MATCH = YES;
				COPY_PHASE_STRIP = NO;
				DEBUG_INFORMATION_FORMAT = "dwarf-with-dsym";
				ENABLE_NS_ASSERTIONS = NO;
				ENABLE_STRICT_OBJC_MSGSEND = YES;
				ENABLE_USER_SCRIPT_SANDBOXING = YES;
				GCC_C_LANGUAGE_STANDARD = gnu17;
				GCC_NO_COMMON_BLOCKS = YES;
				GCC_WARN_64_TO_32_BIT_CONVERSION = YES;
				GCC_WARN_ABOUT_RETURN_TYPE = YES_ERROR;
				GCC_WARN_UNDECLARED_SELECTOR = YES;
				GCC_WARN_UNINITIALIZED_AUTOS = YES_AGGRESSIVE;
				GCC_WARN_UNUSED_FUNCTION = YES;
				GCC_WARN_UNUSED_VARIABLE = YES;
				IPHONEOS_DEPLOYMENT_TARGET = 17.0;
				LOCALIZATION_PREFERS_STRING_CATALOGS = YES;
				MTL_ENABLE_DEBUG_INFO = NO;
				MTL_FAST_MATH = YES;
				SDKROOT = iphoneos;
				SWIFT_COMPILATION_MODE = wholemodule;
				VALIDATE_PRODUCT = YES;
			};
			name = Release;
		};
		A97DB21D2C772B390054233A /* Debug */ = {
			isa = XCBuildConfiguration;
			buildSettings = {
				ASSETCATALOG_COMPILER_APPICON_NAME = AppIcon;
				ASSETCATALOG_COMPILER_GLOBAL_ACCENT_COLOR_NAME = AccentColor;
				CODE_SIGN_STYLE = Automatic;
				CURRENT_PROJECT_VERSION = 1;
				DEVELOPMENT_ASSET_PATHS = "\"CryptoTracker/Preview Content\"";
				DEVELOPMENT_TEAM = 4RQ5G2BLCM;
				ENABLE_PREVIEWS = YES;
				GENERATE_INFOPLIST_FILE = YES;
				INFOPLIST_KEY_UIApplicationSceneManifest_Generation = YES;
				INFOPLIST_KEY_UIApplicationSupportsIndirectInputEvents = YES;
				INFOPLIST_KEY_UILaunchScreen_Generation = YES;
				INFOPLIST_KEY_UISupportedInterfaceOrientations_iPad = "UIInterfaceOrientationPortrait UIInterfaceOrientationPortraitUpsideDown UIInterfaceOrientationLandscapeLeft UIInterfaceOrientationLandscapeRight";
				INFOPLIST_KEY_UISupportedInterfaceOrientations_iPhone = "UIInterfaceOrientationPortrait UIInterfaceOrientationLandscapeLeft UIInterfaceOrientationLandscapeRight";
				LD_RUNPATH_SEARCH_PATHS = (
					"$(inherited)",
					"@executable_path/Frameworks",
				);
				MARKETING_VERSION = 1.0;
				PRODUCT_BUNDLE_IDENTIFIER = daniilsolovyev.CryptoTracker;
				PRODUCT_NAME = "$(TARGET_NAME)";
				SWIFT_EMIT_LOC_STRINGS = YES;
				SWIFT_VERSION = 5.0;
				TARGETED_DEVICE_FAMILY = "1,2";
			};
			name = Debug;
		};
		A97DB21E2C772B390054233A /* Release */ = {
			isa = XCBuildConfiguration;
			buildSettings = {
				ASSETCATALOG_COMPILER_APPICON_NAME = AppIcon;
				ASSETCATALOG_COMPILER_GLOBAL_ACCENT_COLOR_NAME = AccentColor;
				CODE_SIGN_STYLE = Automatic;
				CURRENT_PROJECT_VERSION = 1;
				DEVELOPMENT_ASSET_PATHS = "\"CryptoTracker/Preview Content\"";
				DEVELOPMENT_TEAM = 4RQ5G2BLCM;
				ENABLE_PREVIEWS = YES;
				GENERATE_INFOPLIST_FILE = YES;
				INFOPLIST_KEY_UIApplicationSceneManifest_Generation = YES;
				INFOPLIST_KEY_UIApplicationSupportsIndirectInputEvents = YES;
				INFOPLIST_KEY_UILaunchScreen_Generation = YES;
				INFOPLIST_KEY_UISupportedInterfaceOrientations_iPad = "UIInterfaceOrientationPortrait UIInterfaceOrientationPortraitUpsideDown UIInterfaceOrientationLandscapeLeft UIInterfaceOrientationLandscapeRight";
				INFOPLIST_KEY_UISupportedInterfaceOrientations_iPhone = "UIInterfaceOrientationPortrait UIInterfaceOrientationLandscapeLeft UIInterfaceOrientationLandscapeRight";
				LD_RUNPATH_SEARCH_PATHS = (
					"$(inherited)",
					"@executable_path/Frameworks",
				);
				MARKETING_VERSION = 1.0;
				PRODUCT_BUNDLE_IDENTIFIER = daniilsolovyev.CryptoTracker;
				PRODUCT_NAME = "$(TARGET_NAME)";
				SWIFT_EMIT_LOC_STRINGS = YES;
				SWIFT_VERSION = 5.0;
				TARGETED_DEVICE_FAMILY = "1,2";
			};
			name = Release;
		};
/* End XCBuildConfiguration section */

/* Begin XCConfigurationList section */
		A97DB2092C772B380054233A /* Build configuration list for PBXProject "CryptoTracker" */ = {
			isa = XCConfigurationList;
			buildConfigurations = (
				A97DB21A2C772B390054233A /* Debug */,
				A97DB21B2C772B390054233A /* Release */,
			);
			defaultConfigurationIsVisible = 0;
			defaultConfigurationName = Release;
		};
		A97DB21C2C772B390054233A /* Build configuration list for PBXNativeTarget "CryptoTracker" */ = {
			isa = XCConfigurationList;
			buildConfigurations = (
				A97DB21D2C772B390054233A /* Debug */,
				A97DB21E2C772B390054233A /* Release */,
			);
			defaultConfigurationIsVisible = 0;
			defaultConfigurationName = Release;
		};
/* End XCConfigurationList section */

/* Begin XCVersionGroup section */
		A9FE0B9E2C7E3331007A0AF4 /* Portfolio.xcdatamodeld */ = {
			isa = XCVersionGroup;
			children = (
				A9FE0B9F2C7E3331007A0AF4 /* Portfolio.xcdatamodel */,
			);
			currentVersion = A9FE0B9F2C7E3331007A0AF4 /* Portfolio.xcdatamodel */;
			path = Portfolio.xcdatamodeld;
			sourceTree = "<group>";
			versionGroupType = wrapper.xcdatamodel;
		};
/* End XCVersionGroup section */
	};
	rootObject = A97DB2062C772B380054233A /* Project object */;
}
